<?xml version="1.0" encoding="utf-8"?>
<Project ToolsVersion="4.0" xmlns="http://schemas.microsoft.com/developer/msbuild/2003">
  <ItemGroup>
    <Filter Include="win32">
      <UniqueIdentifier>{84a8ebd7-7cf0-47f6-b75e-d441df67da40}</UniqueIdentifier>
    </Filter>
    <Filter Include="resource">
      <UniqueIdentifier>{715254bc-d70b-4ec5-bf29-467dd3ace079}</UniqueIdentifier>
    </Filter>
    <Filter Include="src">
      <UniqueIdentifier>{bb6c862e-70e9-49d9-81b7-3829a6f50471}</UniqueIdentifier>
    </Filter>
    <Filter Include="Classes">
      <UniqueIdentifier>{f70b5aaf-59f3-46e7-ab3e-6575d58dfb31}</UniqueIdentifier>
    </Filter>
    <Filter Include="Classes\configs">
      <UniqueIdentifier>{15e16462-f653-476a-8faf-c983e64c1ae1}</UniqueIdentifier>
    </Filter>
    <Filter Include="Classes\models">
      <UniqueIdentifier>{10216cc4-ad74-4b3b-b059-17f62ecd9bd1}</UniqueIdentifier>
    </Filter>
    <Filter Include="Classes\views">
      <UniqueIdentifier>{0c26450d-114f-4bce-904e-8f09d29d95ef}</UniqueIdentifier>
    </Filter>
    <Filter Include="Classes\controllers">
      <UniqueIdentifier>{7ca1e237-1bc6-4909-ae88-2e4cd00af93d}</UniqueIdentifier>
    </Filter>
    <Filter Include="Classes\managers">
      <UniqueIdentifier>{3a23f985-6566-4fbc-9836-28fdab5f84dd}</UniqueIdentifier>
    </Filter>
    <Filter Include="Classes\services">
      <UniqueIdentifier>{e1f4c5dc-b064-44bb-a0b1-0f6cbab7cdc9}</UniqueIdentifier>
    </Filter>
    <Filter Include="Classes\utils">
      <UniqueIdentifier>{375008df-beb2-4326-a828-a8d3618a9877}</UniqueIdentifier>
    </Filter>
    <Filter Include="Classes\configs\models">
      <UniqueIdentifier>{63c32166-3542-47ca-a72b-15fc3644f0b8}</UniqueIdentifier>
    </Filter>
    <Filter Include="Classes\configs\loaders">
      <UniqueIdentifier>{8fbed280-4311-4b06-946a-9d703a92f5cd}</UniqueIdentifier>
    </Filter>
  </ItemGroup>
  <ItemGroup>
    <ClCompile Include="main.cpp">
      <Filter>win32</Filter>
    </ClCompile>
    <ClCompile Include="..\Classes\AppDelegate.cpp">
      <Filter>src</Filter>
    </ClCompile>
    <ClCompile Include="..\Classes\HelloWorldScene.cpp">
      <Filter>src</Filter>
    </ClCompile>
    <ClCompile Include="CardView.cpp">
      <Filter>Classes\views</Filter>
    </ClCompile>
    <ClCompile Include="GameController.cpp">
      <Filter>Classes\controllers</Filter>
    </ClCompile>
    <ClCompile Include="LevelConfig.cpp">
      <Filter>Classes\configs\models</Filter>
    </ClCompile>
    <ClCompile Include="GameView.cpp">
      <Filter>Classes\views</Filter>
    </ClCompile>
  </ItemGroup>
  <ItemGroup>
    <ClInclude Include="main.h">
      <Filter>win32</Filter>
    </ClInclude>
    <ClInclude Include="..\Classes\AppDelegate.h">
      <Filter>src</Filter>
    </ClInclude>
    <ClInclude Include="..\Classes\HelloWorldScene.h">
      <Filter>src</Filter>
    </ClInclude>
    <ClInclude Include="GameModel.h">
      <Filter>Classes\models</Filter>
    </ClInclude>
    <ClInclude Include="CardModel.h">
      <Filter>Classes\models</Filter>
    </ClInclude>
    <ClInclude Include="UndoModel.h">
      <Filter>Classes\models</Filter>
    </ClInclude>
    <ClInclude Include="GameView.h">
      <Filter>Classes\views</Filter>
    </ClInclude>
    <ClInclude Include="CardView.h">
      <Filter>Classes\views</Filter>
    </ClInclude>
    <ClInclude Include="StackView.h">
      <Filter>Classes\views</Filter>
    </ClInclude>
    <ClInclude Include="PlayFieldView.h">
      <Filter>Classes\views</Filter>
    </ClInclude>
    <ClInclude Include="GameController.h">
      <Filter>Classes\controllers</Filter>
    </ClInclude>
    <ClInclude Include="PlayFieldController.h">
      <Filter>Classes\controllers</Filter>
    </ClInclude>
    <ClInclude Include="StackController.h">
      <Filter>Classes\controllers</Filter>
    </ClInclude>
    <ClInclude Include="UndoManager.h">
      <Filter>Classes\managers</Filter>
    </ClInclude>
    <ClInclude Include="UndoService.h">
      <Filter>Classes\services</Filter>
    </ClInclude>
    <ClInclude Include="GameModelFromLevelGenerator.h">
      <Filter>Classes\services</Filter>
    </ClInclude>
    <ClInclude Include="JsonUtils.h">
      <Filter>Classes\utils</Filter>
    </ClInclude>
    <ClInclude Include="CardResConfig.h">
      <Filter>Classes\configs\models</Filter>
    </ClInclude>
    <ClInclude Include="LevelConfig.h">
      <Filter>Classes\configs\models</Filter>
    </ClInclude>
    <ClInclude Include="LevelConfigLoader.h">
      <Filter>Classes\configs\loaders</Filter>
    </ClInclude>
  </ItemGroup>
  <ItemGroup>
    <ResourceCompile Include="game.rc">
      <Filter>resource</Filter>
    </ResourceCompile>
  </ItemGroup>
</Project>